
Microsoft Visual Studio Solution File, Format Version 12.00
# Visual Studio Version 16
VisualStudioVersion = 16.0.29806.167
MinimumVisualStudioVersion = 10.0.40219.1
Project("{9A19103F-16F7-4668-BE54-9A1E7A4F7556}") = "1010", "1010\1010.csproj", "{A82B1491-0F34-4E01-9942-DB4A3705F942}"
EndProject
Project("{9A19103F-16F7-4668-BE54-9A1E7A4F7556}") = "1083", "1083\1083.csproj", "{8CCD5B97-BB93-4E5A-B760-A98F58211082}"
EndProject
Project("{9A19103F-16F7-4668-BE54-9A1E7A4F7556}") = "1044", "1044\1044.csproj", "{BBA6B292-643D-4DB7-BCF4-A924C1B5BF52}"
EndProject
Project("{9A19103F-16F7-4668-BE54-9A1E7A4F7556}") = "1005", "1005\1005.csproj", "{699A42A3-F436-49EC-906C-5E4A87729ED3}"
EndProject
Project("{9A19103F-16F7-4668-BE54-9A1E7A4F7556}") = "1225", "1225\1225.csproj", "{2B6AB356-B3F8-4258-8E84-DA17F22CCDC5}"
EndProject
Project("{9A19103F-16F7-4668-BE54-9A1E7A4F7556}") = "1209", "1209\1209.csproj", "{85ECF897-F5A6-4DE9-9741-33EB1CFFC849}"
EndProject
Project("{9A19103F-16F7-4668-BE54-9A1E7A4F7556}") = "1009", "1009\1009.csproj", "{91D10172-2A32-4516-984C-0175873B6B33}"
EndProject
Project("{9A19103F-16F7-4668-BE54-9A1E7A4F7556}") = "1001", "1001\1001.csproj", "{E0729ADF-972C-4B16-B3E5-238B6E9504AF}"
EndProject
Project("{9A19103F-16F7-4668-BE54-9A1E7A4F7556}") = "1017", "1017\1017.csproj", "{DC2AE03E-66A9-48E8-8391-96BA6CE4E2D0}"
EndProject
Project("{9A19103F-16F7-4668-BE54-9A1E7A4F7556}") = "1000", "1000\1000.csproj", "{ECF260D5-5222-4731-B88B-FDB3F0D9DAC7}"
EndProject
Project("{9A19103F-16F7-4668-BE54-9A1E7A4F7556}") = "1012", "1012\1012.csproj", "{25648BE1-484C-4340-957A-675DC699D1A6}"
EndProject
Project("{9A19103F-16F7-4668-BE54-9A1E7A4F7556}") = "1013", "1013\1013.csproj", "{916DA013-7AF2-483E-8533-4A43C09A1B7A}"
EndProject
Project("{9A19103F-16F7-4668-BE54-9A1E7A4F7556}") = "1020", "1020\1020.csproj", "{28340D1E-84CA-43BC-B47D-A9CA99769699}"
EndProject
Project("{9A19103F-16F7-4668-BE54-9A1E7A4F7556}") = "1025", "1025\1025.csproj", "{3A0B6F36-9D6B-405C-82F4-D9CC6FC2EE22}"
EndProject
Project("{FAE04EC0-301F-11D3-BF4B-00C04F79EFBC}") = "1068", "1068\1068.csproj", "{D37E4D2F-3866-4B03-99B1-6B01A4886E8D}"
EndProject
Global
	GlobalSection(SolutionConfigurationPlatforms) = preSolution
		Debug|Any CPU = Debug|Any CPU
		Release|Any CPU = Release|Any CPU
	EndGlobalSection
	GlobalSection(ProjectConfigurationPlatforms) = postSolution
		{A82B1491-0F34-4E01-9942-DB4A3705F942}.Debug|Any CPU.ActiveCfg = Debug|Any CPU
		{A82B1491-0F34-4E01-9942-DB4A3705F942}.Debug|Any CPU.Build.0 = Debug|Any CPU
		{A82B1491-0F34-4E01-9942-DB4A3705F942}.Release|Any CPU.ActiveCfg = Release|Any CPU
		{A82B1491-0F34-4E01-9942-DB4A3705F942}.Release|Any CPU.Build.0 = Release|Any CPU
		{8CCD5B97-BB93-4E5A-B760-A98F58211082}.Debug|Any CPU.ActiveCfg = Debug|Any CPU
		{8CCD5B97-BB93-4E5A-B760-A98F58211082}.Debug|Any CPU.Build.0 = Debug|Any CPU
		{8CCD5B97-BB93-4E5A-B760-A98F58211082}.Release|Any CPU.ActiveCfg = Release|Any CPU
		{8CCD5B97-BB93-4E5A-B760-A98F58211082}.Release|Any CPU.Build.0 = Release|Any CPU
		{BBA6B292-643D-4DB7-BCF4-A924C1B5BF52}.Debug|Any CPU.ActiveCfg = Debug|Any CPU
		{BBA6B292-643D-4DB7-BCF4-A924C1B5BF52}.Debug|Any CPU.Build.0 = Debug|Any CPU
		{BBA6B292-643D-4DB7-BCF4-A924C1B5BF52}.Release|Any CPU.ActiveCfg = Release|Any CPU
		{BBA6B292-643D-4DB7-BCF4-A924C1B5BF52}.Release|Any CPU.Build.0 = Release|Any CPU
		{699A42A3-F436-49EC-906C-5E4A87729ED3}.Debug|Any CPU.ActiveCfg = Debug|Any CPU
		{699A42A3-F436-49EC-906C-5E4A87729ED3}.Debug|Any CPU.Build.0 = Debug|Any CPU
		{699A42A3-F436-49EC-906C-5E4A87729ED3}.Release|Any CPU.ActiveCfg = Release|Any CPU
		{699A42A3-F436-49EC-906C-5E4A87729ED3}.Release|Any CPU.Build.0 = Release|Any CPU
		{2B6AB356-B3F8-4258-8E84-DA17F22CCDC5}.Debug|Any CPU.ActiveCfg = Debug|Any CPU
		{2B6AB356-B3F8-4258-8E84-DA17F22CCDC5}.Debug|Any CPU.Build.0 = Debug|Any CPU
		{2B6AB356-B3F8-4258-8E84-DA17F22CCDC5}.Release|Any CPU.ActiveCfg = Release|Any CPU
		{2B6AB356-B3F8-4258-8E84-DA17F22CCDC5}.Release|Any CPU.Build.0 = Release|Any CPU
		{85ECF897-F5A6-4DE9-9741-33EB1CFFC849}.Debug|Any CPU.ActiveCfg = Debug|Any CPU
		{85ECF897-F5A6-4DE9-9741-33EB1CFFC849}.Debug|Any CPU.Build.0 = Debug|Any CPU
		{85ECF897-F5A6-4DE9-9741-33EB1CFFC849}.Release|Any CPU.ActiveCfg = Release|Any CPU
		{85ECF897-F5A6-4DE9-9741-33EB1CFFC849}.Release|Any CPU.Build.0 = Release|Any CPU
		{91D10172-2A32-4516-984C-0175873B6B33}.Debug|Any CPU.ActiveCfg = Debug|Any CPU
		{91D10172-2A32-4516-984C-0175873B6B33}.Debug|Any CPU.Build.0 = Debug|Any CPU
		{91D10172-2A32-4516-984C-0175873B6B33}.Release|Any CPU.ActiveCfg = Release|Any CPU
		{91D10172-2A32-4516-984C-0175873B6B33}.Release|Any CPU.Build.0 = Release|Any CPU
		{E0729ADF-972C-4B16-B3E5-238B6E9504AF}.Debug|Any CPU.ActiveCfg = Debug|Any CPU
		{E0729ADF-972C-4B16-B3E5-238B6E9504AF}.Debug|Any CPU.Build.0 = Debug|Any CPU
		{E0729ADF-972C-4B16-B3E5-238B6E9504AF}.Release|Any CPU.ActiveCfg = Release|Any CPU
		{E0729ADF-972C-4B16-B3E5-238B6E9504AF}.Release|Any CPU.Build.0 = Release|Any CPU
		{DC2AE03E-66A9-48E8-8391-96BA6CE4E2D0}.Debug|Any CPU.ActiveCfg = Debug|Any CPU
		{DC2AE03E-66A9-48E8-8391-96BA6CE4E2D0}.Debug|Any CPU.Build.0 = Debug|Any CPU
		{DC2AE03E-66A9-48E8-8391-96BA6CE4E2D0}.Release|Any CPU.ActiveCfg = Release|Any CPU
		{DC2AE03E-66A9-48E8-8391-96BA6CE4E2D0}.Release|Any CPU.Build.0 = Release|Any CPU
		{ECF260D5-5222-4731-B88B-FDB3F0D9DAC7}.Debug|Any CPU.ActiveCfg = Debug|Any CPU
		{ECF260D5-5222-4731-B88B-FDB3F0D9DAC7}.Debug|Any CPU.Build.0 = Debug|Any CPU
		{ECF260D5-5222-4731-B88B-FDB3F0D9DAC7}.Release|Any CPU.ActiveCfg = Release|Any CPU
		{ECF260D5-5222-4731-B88B-FDB3F0D9DAC7}.Release|Any CPU.Build.0 = Release|Any CPU
		{25648BE1-484C-4340-957A-675DC699D1A6}.Debug|Any CPU.ActiveCfg = Debug|Any CPU
		{25648BE1-484C-4340-957A-675DC699D1A6}.Debug|Any CPU.Build.0 = Debug|Any CPU
		{25648BE1-484C-4340-957A-675DC699D1A6}.Release|Any CPU.ActiveCfg = Release|Any CPU
		{25648BE1-484C-4340-957A-675DC699D1A6}.Release|Any CPU.Build.0 = Release|Any CPU
		{916DA013-7AF2-483E-8533-4A43C09A1B7A}.Debug|Any CPU.ActiveCfg = Debug|Any CPU
		{916DA013-7AF2-483E-8533-4A43C09A1B7A}.Debug|Any CPU.Build.0 = Debug|Any CPU
		{916DA013-7AF2-483E-8533-4A43C09A1B7A}.Release|Any CPU.ActiveCfg = Release|Any CPU
		{916DA013-7AF2-483E-8533-4A43C09A1B7A}.Release|Any CPU.Build.0 = Release|Any CPU
		{28340D1E-84CA-43BC-B47D-A9CA99769699}.Debug|Any CPU.ActiveCfg = Debug|Any CPU
		{28340D1E-84CA-43BC-B47D-A9CA99769699}.Debug|Any CPU.Build.0 = Debug|Any CPU
		{28340D1E-84CA-43BC-B47D-A9CA99769699}.Release|Any CPU.ActiveCfg = Release|Any CPU
		{28340D1E-84CA-43BC-B47D-A9CA99769699}.Release|Any CPU.Build.0 = Release|Any CPU
		{3A0B6F36-9D6B-405C-82F4-D9CC6FC2EE22}.Debug|Any CPU.ActiveCfg = Debug|Any CPU
		{3A0B6F36-9D6B-405C-82F4-D9CC6FC2EE22}.Debug|Any CPU.Build.0 = Debug|Any CPU
		{3A0B6F36-9D6B-405C-82F4-D9CC6FC2EE22}.Release|Any CPU.ActiveCfg = Release|Any CPU
		{3A0B6F36-9D6B-405C-82F4-D9CC6FC2EE22}.Release|Any CPU.Build.0 = Release|Any CPU
		{D37E4D2F-3866-4B03-99B1-6B01A4886E8D}.Debug|Any CPU.ActiveCfg = Debug|Any CPU
		{D37E4D2F-3866-4B03-99B1-6B01A4886E8D}.Debug|Any CPU.Build.0 = Debug|Any CPU
		{D37E4D2F-3866-4B03-99B1-6B01A4886E8D}.Release|Any CPU.ActiveCfg = Release|Any CPU
		{D37E4D2F-3866-4B03-99B1-6B01A4886E8D}.Release|Any CPU.Build.0 = Release|Any CPU
	EndGlobalSection
	GlobalSection(SolutionProperties) = preSolution
		HideSolutionNode = FALSE
	EndGlobalSection
	GlobalSection(ExtensibilityGlobals) = postSolution
		SolutionGuid = {FB5C4BD0-404A-4516-90FC-5B2523F3590F}
	EndGlobalSection
EndGlobal
