
Microsoft Visual Studio Solution File, Format Version 12.00
# Visual Studio Version 16
VisualStudioVersion = 16.0.29806.167
MinimumVisualStudioVersion = 10.0.40219.1
Project("{9A19103F-16F7-4668-BE54-9A1E7A4F7556}") = "1010", "1010\1010.csproj", "{A82B1491-0F34-4E01-9942-DB4A3705F942}"
EndProject
Project("{9A19103F-16F7-4668-BE54-9A1E7A4F7556}") = "1083", "1083\1083.csproj", "{8CCD5B97-BB93-4E5A-B760-A98F58211082}"
EndProject
Project("{9A19103F-16F7-4668-BE54-9A1E7A4F7556}") = "1044", "1044\1044.csproj", "{BBA6B292-643D-4DB7-BCF4-A924C1B5BF52}"
EndProject
Project("{9A19103F-16F7-4668-BE54-9A1E7A4F7556}") = "1005", "1005\1005.csproj", "{699A42A3-F436-49EC-906C-5E4A87729ED3}"
EndProject
Project("{9A19103F-16F7-4668-BE54-9A1E7A4F7556}") = "1225", "1225\1225.csproj", "{2B6AB356-B3F8-4258-8E84-DA17F22CCDC5}"
EndProject
Project("{9A19103F-16F7-4668-BE54-9A1E7A4F7556}") = "1209", "1209\1209.csproj", "{85ECF897-F5A6-4DE9-9741-33EB1CFFC849}"
EndProject
Project("{9A19103F-16F7-4668-BE54-9A1E7A4F7556}") = "1009", "1009\1009.csproj", "{91D10172-2A32-4516-984C-0175873B6B33}"
EndProject
Project("{9A19103F-16F7-4668-BE54-9A1E7A4F7556}") = "1001", "1001\1001.csproj", "{E0729ADF-972C-4B16-B3E5-238B6E9504AF}"
EndProject
Project("{9A19103F-16F7-4668-BE54-9A1E7A4F7556}") = "1017", "1017\1017.csproj", "{DC2AE03E-66A9-48E8-8391-96BA6CE4E2D0}"
EndProject
Project("{9A19103F-16F7-4668-BE54-9A1E7A4F7556}") = "1000", "1000\1000.csproj", "{ECF260D5-5222-4731-B88B-FDB3F0D9DAC7}"
EndProject
Project("{9A19103F-16F7-4668-BE54-9A1E7A4F7556}") = "1012", "1012\1012.csproj", "{25648BE1-484C-4340-957A-675DC699D1A6}"
EndProject
Project("{9A19103F-16F7-4668-BE54-9A1E7A4F7556}") = "1013", "1013\1013.csproj", "{916DA013-7AF2-483E-8533-4A43C09A1B7A}"
EndProject
Project("{9A19103F-16F7-4668-BE54-9A1E7A4F7556}") = "1020", "1020\1020.csproj", "{28340D1E-84CA-43BC-B47D-A9CA99769699}"
EndProject
Project("{9A19103F-16F7-4668-BE54-9A1E7A4F7556}") = "1025", "1025\1025.csproj", "{3A0B6F36-9D6B-405C-82F4-D9CC6FC2EE22}"
EndProject
Project("{9A19103F-16F7-4668-BE54-9A1E7A4F7556}") = "1068", "1068\1068.csproj", "{D37E4D2F-3866-4B03-99B1-6B01A4886E8D}"
EndProject
Project("{9A19103F-16F7-4668-BE54-9A1E7A4F7556}") = "1073", "1073\1073.csproj", "{E5213456-5255-4A90-BB20-6B4C08725EEB}"
EndProject
Project("{9A19103F-16F7-4668-BE54-9A1E7A4F7556}") = "1079", "1079\1079.csproj", "{300639FF-F4FB-4B06-8706-9780A33A9048}"
EndProject
Project("{9A19103F-16F7-4668-BE54-9A1E7A4F7556}") = "1082", "1082\1082.csproj", "{6C3EEC25-EAED-4CD7-884E-EB7F13A80CE1}"
EndProject
Project("{9A19103F-16F7-4668-BE54-9A1E7A4F7556}") = "1086", "1086\1086.csproj", "{CC958BBF-F03C-4E1D-87B4-28D3E4628D62}"
EndProject
Project("{9A19103F-16F7-4668-BE54-9A1E7A4F7556}") = "1100", "1100\1100.csproj", "{22A95071-2237-427D-B5EA-A87C2BF9C518}"
EndProject
Project("{9A19103F-16F7-4668-BE54-9A1E7A4F7556}") = "1106", "1106\1106.csproj", "{6B4650C2-B1DF-4F52-8E6B-89E385CF39D2}"
EndProject
Project("{9A19103F-16F7-4668-BE54-9A1E7A4F7556}") = "1110", "1110\1110.csproj", "{A7360EC3-12D1-47A5-A69E-7D6B7FA6979B}"
EndProject
Project("{9A19103F-16F7-4668-BE54-9A1E7A4F7556}") = "1119", "1119\1119.csproj", "{33B1D9B2-8A20-4DBD-870C-9116636A14E2}"
EndProject
Project("{9A19103F-16F7-4668-BE54-9A1E7A4F7556}") = "1131", "1131\1131.csproj", "{52EE4845-861F-4E84-B530-76415C78A23D}"
EndProject
Project("{9A19103F-16F7-4668-BE54-9A1E7A4F7556}") = "1139", "1139\1139.csproj", "{99D7A713-ACBD-4439-A53C-E562803A24AF}"
EndProject
Project("{9A19103F-16F7-4668-BE54-9A1E7A4F7556}") = "1149", "1149\1149.csproj", "{3A26EEE0-C401-4B3C-A421-8BB3B774FA87}"
EndProject
Project("{9A19103F-16F7-4668-BE54-9A1E7A4F7556}") = "1180", "1180\1180.csproj", "{629DBC5F-10AB-4692-9BC9-2473D2862A47}"
EndProject
Project("{9A19103F-16F7-4668-BE54-9A1E7A4F7556}") = "1194", "1194\1194.csproj", "{4AD6C61F-365B-44E8-A4B9-3DA1470E43F1}"
EndProject
Project("{9A19103F-16F7-4668-BE54-9A1E7A4F7556}") = "1196", "1196\1196.csproj", "{8558DFEF-576C-44F2-B239-D706658DF1D7}"
EndProject
Project("{9A19103F-16F7-4668-BE54-9A1E7A4F7556}") = "1197", "1197\1197.csproj", "{FB59FAAA-4A4E-4279-A342-07637F671247}"
EndProject
Project("{9A19103F-16F7-4668-BE54-9A1E7A4F7556}") = "1224", "1224\1224.csproj", "{35D75FDE-9C75-4E13-8A1B-BB8A0E4F719D}"
EndProject
Project("{9A19103F-16F7-4668-BE54-9A1E7A4F7556}") = "1243", "1243\1243.csproj", "{B1CF6C99-5E1F-4EE4-A08D-850A9D7D70E5}"
EndProject
Project("{9A19103F-16F7-4668-BE54-9A1E7A4F7556}") = "1263", "1263\1263.csproj", "{2931446C-4FA0-4AF5-88BA-1DACE9F06997}"
EndProject
Project("{9A19103F-16F7-4668-BE54-9A1E7A4F7556}") = "1264", "1264\1264.csproj", "{8B93C5D9-A4F4-4BCB-858C-9421701D12E5}"
EndProject
Project("{9A19103F-16F7-4668-BE54-9A1E7A4F7556}") = "1290", "1290\1290.csproj", "{05FECA6C-2C4E-44B9-8B14-79995C48EF0E}"
EndProject
Project("{9A19103F-16F7-4668-BE54-9A1E7A4F7556}") = "1293", "1293\1293.csproj", "{9F9B6577-A2C9-4694-AD34-9AAADE4AECFD}"
EndProject
Project("{9A19103F-16F7-4668-BE54-9A1E7A4F7556}") = "1297", "1297\1297.csproj", "{76B9D1AE-B525-4842-9589-9C8FA0EFFD0D}"
EndProject
Project("{9A19103F-16F7-4668-BE54-9A1E7A4F7556}") = "1313", "1313\1313.csproj", "{5800601B-29B6-48C0-94E4-6789EEBCFB78}"
EndProject
Project("{9A19103F-16F7-4668-BE54-9A1E7A4F7556}") = "1319", "1319\1319.csproj", "{C3651E9E-CB79-4C86-81E8-DECE28E33C89}"
EndProject
Project("{9A19103F-16F7-4668-BE54-9A1E7A4F7556}") = "1327", "1327\1327.csproj", "{42D65AF8-DADA-49A5-B969-404AABBF0F8F}"
EndProject
Project("{9A19103F-16F7-4668-BE54-9A1E7A4F7556}") = "1349", "1349\1349.csproj", "{435F84AE-A08B-42E9-AF16-5D1DC086775D}"
EndProject
Project("{FAE04EC0-301F-11D3-BF4B-00C04F79EFBC}") = "1404", "1404\1404.csproj", "{1F8CD829-B3F7-44B4-996E-2C85ADCCCBB2}"
EndProject
Global
	GlobalSection(SolutionConfigurationPlatforms) = preSolution
		Debug|Any CPU = Debug|Any CPU
		Release|Any CPU = Release|Any CPU
	EndGlobalSection
	GlobalSection(ProjectConfigurationPlatforms) = postSolution
		{A82B1491-0F34-4E01-9942-DB4A3705F942}.Debug|Any CPU.ActiveCfg = Debug|Any CPU
		{A82B1491-0F34-4E01-9942-DB4A3705F942}.Debug|Any CPU.Build.0 = Debug|Any CPU
		{A82B1491-0F34-4E01-9942-DB4A3705F942}.Release|Any CPU.ActiveCfg = Release|Any CPU
		{A82B1491-0F34-4E01-9942-DB4A3705F942}.Release|Any CPU.Build.0 = Release|Any CPU
		{8CCD5B97-BB93-4E5A-B760-A98F58211082}.Debug|Any CPU.ActiveCfg = Debug|Any CPU
		{8CCD5B97-BB93-4E5A-B760-A98F58211082}.Debug|Any CPU.Build.0 = Debug|Any CPU
		{8CCD5B97-BB93-4E5A-B760-A98F58211082}.Release|Any CPU.ActiveCfg = Release|Any CPU
		{8CCD5B97-BB93-4E5A-B760-A98F58211082}.Release|Any CPU.Build.0 = Release|Any CPU
		{BBA6B292-643D-4DB7-BCF4-A924C1B5BF52}.Debug|Any CPU.ActiveCfg = Debug|Any CPU
		{BBA6B292-643D-4DB7-BCF4-A924C1B5BF52}.Debug|Any CPU.Build.0 = Debug|Any CPU
		{BBA6B292-643D-4DB7-BCF4-A924C1B5BF52}.Release|Any CPU.ActiveCfg = Release|Any CPU
		{BBA6B292-643D-4DB7-BCF4-A924C1B5BF52}.Release|Any CPU.Build.0 = Release|Any CPU
		{699A42A3-F436-49EC-906C-5E4A87729ED3}.Debug|Any CPU.ActiveCfg = Debug|Any CPU
		{699A42A3-F436-49EC-906C-5E4A87729ED3}.Debug|Any CPU.Build.0 = Debug|Any CPU
		{699A42A3-F436-49EC-906C-5E4A87729ED3}.Release|Any CPU.ActiveCfg = Release|Any CPU
		{699A42A3-F436-49EC-906C-5E4A87729ED3}.Release|Any CPU.Build.0 = Release|Any CPU
		{2B6AB356-B3F8-4258-8E84-DA17F22CCDC5}.Debug|Any CPU.ActiveCfg = Debug|Any CPU
		{2B6AB356-B3F8-4258-8E84-DA17F22CCDC5}.Debug|Any CPU.Build.0 = Debug|Any CPU
		{2B6AB356-B3F8-4258-8E84-DA17F22CCDC5}.Release|Any CPU.ActiveCfg = Release|Any CPU
		{2B6AB356-B3F8-4258-8E84-DA17F22CCDC5}.Release|Any CPU.Build.0 = Release|Any CPU
		{85ECF897-F5A6-4DE9-9741-33EB1CFFC849}.Debug|Any CPU.ActiveCfg = Debug|Any CPU
		{85ECF897-F5A6-4DE9-9741-33EB1CFFC849}.Debug|Any CPU.Build.0 = Debug|Any CPU
		{85ECF897-F5A6-4DE9-9741-33EB1CFFC849}.Release|Any CPU.ActiveCfg = Release|Any CPU
		{85ECF897-F5A6-4DE9-9741-33EB1CFFC849}.Release|Any CPU.Build.0 = Release|Any CPU
		{91D10172-2A32-4516-984C-0175873B6B33}.Debug|Any CPU.ActiveCfg = Debug|Any CPU
		{91D10172-2A32-4516-984C-0175873B6B33}.Debug|Any CPU.Build.0 = Debug|Any CPU
		{91D10172-2A32-4516-984C-0175873B6B33}.Release|Any CPU.ActiveCfg = Release|Any CPU
		{91D10172-2A32-4516-984C-0175873B6B33}.Release|Any CPU.Build.0 = Release|Any CPU
		{E0729ADF-972C-4B16-B3E5-238B6E9504AF}.Debug|Any CPU.ActiveCfg = Debug|Any CPU
		{E0729ADF-972C-4B16-B3E5-238B6E9504AF}.Debug|Any CPU.Build.0 = Debug|Any CPU
		{E0729ADF-972C-4B16-B3E5-238B6E9504AF}.Release|Any CPU.ActiveCfg = Release|Any CPU
		{E0729ADF-972C-4B16-B3E5-238B6E9504AF}.Release|Any CPU.Build.0 = Release|Any CPU
		{DC2AE03E-66A9-48E8-8391-96BA6CE4E2D0}.Debug|Any CPU.ActiveCfg = Debug|Any CPU
		{DC2AE03E-66A9-48E8-8391-96BA6CE4E2D0}.Debug|Any CPU.Build.0 = Debug|Any CPU
		{DC2AE03E-66A9-48E8-8391-96BA6CE4E2D0}.Release|Any CPU.ActiveCfg = Release|Any CPU
		{DC2AE03E-66A9-48E8-8391-96BA6CE4E2D0}.Release|Any CPU.Build.0 = Release|Any CPU
		{ECF260D5-5222-4731-B88B-FDB3F0D9DAC7}.Debug|Any CPU.ActiveCfg = Debug|Any CPU
		{ECF260D5-5222-4731-B88B-FDB3F0D9DAC7}.Debug|Any CPU.Build.0 = Debug|Any CPU
		{ECF260D5-5222-4731-B88B-FDB3F0D9DAC7}.Release|Any CPU.ActiveCfg = Release|Any CPU
		{ECF260D5-5222-4731-B88B-FDB3F0D9DAC7}.Release|Any CPU.Build.0 = Release|Any CPU
		{25648BE1-484C-4340-957A-675DC699D1A6}.Debug|Any CPU.ActiveCfg = Debug|Any CPU
		{25648BE1-484C-4340-957A-675DC699D1A6}.Debug|Any CPU.Build.0 = Debug|Any CPU
		{25648BE1-484C-4340-957A-675DC699D1A6}.Release|Any CPU.ActiveCfg = Release|Any CPU
		{25648BE1-484C-4340-957A-675DC699D1A6}.Release|Any CPU.Build.0 = Release|Any CPU
		{916DA013-7AF2-483E-8533-4A43C09A1B7A}.Debug|Any CPU.ActiveCfg = Debug|Any CPU
		{916DA013-7AF2-483E-8533-4A43C09A1B7A}.Debug|Any CPU.Build.0 = Debug|Any CPU
		{916DA013-7AF2-483E-8533-4A43C09A1B7A}.Release|Any CPU.ActiveCfg = Release|Any CPU
		{916DA013-7AF2-483E-8533-4A43C09A1B7A}.Release|Any CPU.Build.0 = Release|Any CPU
		{28340D1E-84CA-43BC-B47D-A9CA99769699}.Debug|Any CPU.ActiveCfg = Debug|Any CPU
		{28340D1E-84CA-43BC-B47D-A9CA99769699}.Debug|Any CPU.Build.0 = Debug|Any CPU
		{28340D1E-84CA-43BC-B47D-A9CA99769699}.Release|Any CPU.ActiveCfg = Release|Any CPU
		{28340D1E-84CA-43BC-B47D-A9CA99769699}.Release|Any CPU.Build.0 = Release|Any CPU
		{3A0B6F36-9D6B-405C-82F4-D9CC6FC2EE22}.Debug|Any CPU.ActiveCfg = Debug|Any CPU
		{3A0B6F36-9D6B-405C-82F4-D9CC6FC2EE22}.Debug|Any CPU.Build.0 = Debug|Any CPU
		{3A0B6F36-9D6B-405C-82F4-D9CC6FC2EE22}.Release|Any CPU.ActiveCfg = Release|Any CPU
		{3A0B6F36-9D6B-405C-82F4-D9CC6FC2EE22}.Release|Any CPU.Build.0 = Release|Any CPU
		{D37E4D2F-3866-4B03-99B1-6B01A4886E8D}.Debug|Any CPU.ActiveCfg = Debug|Any CPU
		{D37E4D2F-3866-4B03-99B1-6B01A4886E8D}.Debug|Any CPU.Build.0 = Debug|Any CPU
		{D37E4D2F-3866-4B03-99B1-6B01A4886E8D}.Release|Any CPU.ActiveCfg = Release|Any CPU
		{D37E4D2F-3866-4B03-99B1-6B01A4886E8D}.Release|Any CPU.Build.0 = Release|Any CPU
		{E5213456-5255-4A90-BB20-6B4C08725EEB}.Debug|Any CPU.ActiveCfg = Debug|Any CPU
		{E5213456-5255-4A90-BB20-6B4C08725EEB}.Debug|Any CPU.Build.0 = Debug|Any CPU
		{E5213456-5255-4A90-BB20-6B4C08725EEB}.Release|Any CPU.ActiveCfg = Release|Any CPU
		{E5213456-5255-4A90-BB20-6B4C08725EEB}.Release|Any CPU.Build.0 = Release|Any CPU
		{300639FF-F4FB-4B06-8706-9780A33A9048}.Debug|Any CPU.ActiveCfg = Debug|Any CPU
		{300639FF-F4FB-4B06-8706-9780A33A9048}.Debug|Any CPU.Build.0 = Debug|Any CPU
		{300639FF-F4FB-4B06-8706-9780A33A9048}.Release|Any CPU.ActiveCfg = Release|Any CPU
		{300639FF-F4FB-4B06-8706-9780A33A9048}.Release|Any CPU.Build.0 = Release|Any CPU
		{6C3EEC25-EAED-4CD7-884E-EB7F13A80CE1}.Debug|Any CPU.ActiveCfg = Debug|Any CPU
		{6C3EEC25-EAED-4CD7-884E-EB7F13A80CE1}.Debug|Any CPU.Build.0 = Debug|Any CPU
		{6C3EEC25-EAED-4CD7-884E-EB7F13A80CE1}.Release|Any CPU.ActiveCfg = Release|Any CPU
		{6C3EEC25-EAED-4CD7-884E-EB7F13A80CE1}.Release|Any CPU.Build.0 = Release|Any CPU
		{CC958BBF-F03C-4E1D-87B4-28D3E4628D62}.Debug|Any CPU.ActiveCfg = Debug|Any CPU
		{CC958BBF-F03C-4E1D-87B4-28D3E4628D62}.Debug|Any CPU.Build.0 = Debug|Any CPU
		{CC958BBF-F03C-4E1D-87B4-28D3E4628D62}.Release|Any CPU.ActiveCfg = Release|Any CPU
		{CC958BBF-F03C-4E1D-87B4-28D3E4628D62}.Release|Any CPU.Build.0 = Release|Any CPU
		{22A95071-2237-427D-B5EA-A87C2BF9C518}.Debug|Any CPU.ActiveCfg = Debug|Any CPU
		{22A95071-2237-427D-B5EA-A87C2BF9C518}.Debug|Any CPU.Build.0 = Debug|Any CPU
		{22A95071-2237-427D-B5EA-A87C2BF9C518}.Release|Any CPU.ActiveCfg = Release|Any CPU
		{22A95071-2237-427D-B5EA-A87C2BF9C518}.Release|Any CPU.Build.0 = Release|Any CPU
		{6B4650C2-B1DF-4F52-8E6B-89E385CF39D2}.Debug|Any CPU.ActiveCfg = Debug|Any CPU
		{6B4650C2-B1DF-4F52-8E6B-89E385CF39D2}.Debug|Any CPU.Build.0 = Debug|Any CPU
		{6B4650C2-B1DF-4F52-8E6B-89E385CF39D2}.Release|Any CPU.ActiveCfg = Release|Any CPU
		{6B4650C2-B1DF-4F52-8E6B-89E385CF39D2}.Release|Any CPU.Build.0 = Release|Any CPU
		{A7360EC3-12D1-47A5-A69E-7D6B7FA6979B}.Debug|Any CPU.ActiveCfg = Debug|Any CPU
		{A7360EC3-12D1-47A5-A69E-7D6B7FA6979B}.Debug|Any CPU.Build.0 = Debug|Any CPU
		{A7360EC3-12D1-47A5-A69E-7D6B7FA6979B}.Release|Any CPU.ActiveCfg = Release|Any CPU
		{A7360EC3-12D1-47A5-A69E-7D6B7FA6979B}.Release|Any CPU.Build.0 = Release|Any CPU
		{33B1D9B2-8A20-4DBD-870C-9116636A14E2}.Debug|Any CPU.ActiveCfg = Debug|Any CPU
		{33B1D9B2-8A20-4DBD-870C-9116636A14E2}.Debug|Any CPU.Build.0 = Debug|Any CPU
		{33B1D9B2-8A20-4DBD-870C-9116636A14E2}.Release|Any CPU.ActiveCfg = Release|Any CPU
		{33B1D9B2-8A20-4DBD-870C-9116636A14E2}.Release|Any CPU.Build.0 = Release|Any CPU
		{52EE4845-861F-4E84-B530-76415C78A23D}.Debug|Any CPU.ActiveCfg = Debug|Any CPU
		{52EE4845-861F-4E84-B530-76415C78A23D}.Debug|Any CPU.Build.0 = Debug|Any CPU
		{52EE4845-861F-4E84-B530-76415C78A23D}.Release|Any CPU.ActiveCfg = Release|Any CPU
		{52EE4845-861F-4E84-B530-76415C78A23D}.Release|Any CPU.Build.0 = Release|Any CPU
		{99D7A713-ACBD-4439-A53C-E562803A24AF}.Debug|Any CPU.ActiveCfg = Debug|Any CPU
		{99D7A713-ACBD-4439-A53C-E562803A24AF}.Debug|Any CPU.Build.0 = Debug|Any CPU
		{99D7A713-ACBD-4439-A53C-E562803A24AF}.Release|Any CPU.ActiveCfg = Release|Any CPU
		{99D7A713-ACBD-4439-A53C-E562803A24AF}.Release|Any CPU.Build.0 = Release|Any CPU
		{3A26EEE0-C401-4B3C-A421-8BB3B774FA87}.Debug|Any CPU.ActiveCfg = Debug|Any CPU
		{3A26EEE0-C401-4B3C-A421-8BB3B774FA87}.Debug|Any CPU.Build.0 = Debug|Any CPU
		{3A26EEE0-C401-4B3C-A421-8BB3B774FA87}.Release|Any CPU.ActiveCfg = Release|Any CPU
		{3A26EEE0-C401-4B3C-A421-8BB3B774FA87}.Release|Any CPU.Build.0 = Release|Any CPU
		{629DBC5F-10AB-4692-9BC9-2473D2862A47}.Debug|Any CPU.ActiveCfg = Debug|Any CPU
		{629DBC5F-10AB-4692-9BC9-2473D2862A47}.Debug|Any CPU.Build.0 = Debug|Any CPU
		{629DBC5F-10AB-4692-9BC9-2473D2862A47}.Release|Any CPU.ActiveCfg = Release|Any CPU
		{629DBC5F-10AB-4692-9BC9-2473D2862A47}.Release|Any CPU.Build.0 = Release|Any CPU
		{4AD6C61F-365B-44E8-A4B9-3DA1470E43F1}.Debug|Any CPU.ActiveCfg = Debug|Any CPU
		{4AD6C61F-365B-44E8-A4B9-3DA1470E43F1}.Debug|Any CPU.Build.0 = Debug|Any CPU
		{4AD6C61F-365B-44E8-A4B9-3DA1470E43F1}.Release|Any CPU.ActiveCfg = Release|Any CPU
		{4AD6C61F-365B-44E8-A4B9-3DA1470E43F1}.Release|Any CPU.Build.0 = Release|Any CPU
		{8558DFEF-576C-44F2-B239-D706658DF1D7}.Debug|Any CPU.ActiveCfg = Debug|Any CPU
		{8558DFEF-576C-44F2-B239-D706658DF1D7}.Debug|Any CPU.Build.0 = Debug|Any CPU
		{8558DFEF-576C-44F2-B239-D706658DF1D7}.Release|Any CPU.ActiveCfg = Release|Any CPU
		{8558DFEF-576C-44F2-B239-D706658DF1D7}.Release|Any CPU.Build.0 = Release|Any CPU
		{FB59FAAA-4A4E-4279-A342-07637F671247}.Debug|Any CPU.ActiveCfg = Debug|Any CPU
		{FB59FAAA-4A4E-4279-A342-07637F671247}.Debug|Any CPU.Build.0 = Debug|Any CPU
		{FB59FAAA-4A4E-4279-A342-07637F671247}.Release|Any CPU.ActiveCfg = Release|Any CPU
		{FB59FAAA-4A4E-4279-A342-07637F671247}.Release|Any CPU.Build.0 = Release|Any CPU
		{35D75FDE-9C75-4E13-8A1B-BB8A0E4F719D}.Debug|Any CPU.ActiveCfg = Debug|Any CPU
		{35D75FDE-9C75-4E13-8A1B-BB8A0E4F719D}.Debug|Any CPU.Build.0 = Debug|Any CPU
		{35D75FDE-9C75-4E13-8A1B-BB8A0E4F719D}.Release|Any CPU.ActiveCfg = Release|Any CPU
		{35D75FDE-9C75-4E13-8A1B-BB8A0E4F719D}.Release|Any CPU.Build.0 = Release|Any CPU
		{B1CF6C99-5E1F-4EE4-A08D-850A9D7D70E5}.Debug|Any CPU.ActiveCfg = Debug|Any CPU
		{B1CF6C99-5E1F-4EE4-A08D-850A9D7D70E5}.Debug|Any CPU.Build.0 = Debug|Any CPU
		{B1CF6C99-5E1F-4EE4-A08D-850A9D7D70E5}.Release|Any CPU.ActiveCfg = Release|Any CPU
		{B1CF6C99-5E1F-4EE4-A08D-850A9D7D70E5}.Release|Any CPU.Build.0 = Release|Any CPU
		{2931446C-4FA0-4AF5-88BA-1DACE9F06997}.Debug|Any CPU.ActiveCfg = Debug|Any CPU
		{2931446C-4FA0-4AF5-88BA-1DACE9F06997}.Debug|Any CPU.Build.0 = Debug|Any CPU
		{2931446C-4FA0-4AF5-88BA-1DACE9F06997}.Release|Any CPU.ActiveCfg = Release|Any CPU
		{2931446C-4FA0-4AF5-88BA-1DACE9F06997}.Release|Any CPU.Build.0 = Release|Any CPU
		{8B93C5D9-A4F4-4BCB-858C-9421701D12E5}.Debug|Any CPU.ActiveCfg = Debug|Any CPU
		{8B93C5D9-A4F4-4BCB-858C-9421701D12E5}.Debug|Any CPU.Build.0 = Debug|Any CPU
		{8B93C5D9-A4F4-4BCB-858C-9421701D12E5}.Release|Any CPU.ActiveCfg = Release|Any CPU
		{8B93C5D9-A4F4-4BCB-858C-9421701D12E5}.Release|Any CPU.Build.0 = Release|Any CPU
		{05FECA6C-2C4E-44B9-8B14-79995C48EF0E}.Debug|Any CPU.ActiveCfg = Debug|Any CPU
		{05FECA6C-2C4E-44B9-8B14-79995C48EF0E}.Debug|Any CPU.Build.0 = Debug|Any CPU
		{05FECA6C-2C4E-44B9-8B14-79995C48EF0E}.Release|Any CPU.ActiveCfg = Release|Any CPU
		{05FECA6C-2C4E-44B9-8B14-79995C48EF0E}.Release|Any CPU.Build.0 = Release|Any CPU
		{9F9B6577-A2C9-4694-AD34-9AAADE4AECFD}.Debug|Any CPU.ActiveCfg = Debug|Any CPU
		{9F9B6577-A2C9-4694-AD34-9AAADE4AECFD}.Debug|Any CPU.Build.0 = Debug|Any CPU
		{9F9B6577-A2C9-4694-AD34-9AAADE4AECFD}.Release|Any CPU.ActiveCfg = Release|Any CPU
		{9F9B6577-A2C9-4694-AD34-9AAADE4AECFD}.Release|Any CPU.Build.0 = Release|Any CPU
		{76B9D1AE-B525-4842-9589-9C8FA0EFFD0D}.Debug|Any CPU.ActiveCfg = Debug|Any CPU
		{76B9D1AE-B525-4842-9589-9C8FA0EFFD0D}.Debug|Any CPU.Build.0 = Debug|Any CPU
		{76B9D1AE-B525-4842-9589-9C8FA0EFFD0D}.Release|Any CPU.ActiveCfg = Release|Any CPU
		{76B9D1AE-B525-4842-9589-9C8FA0EFFD0D}.Release|Any CPU.Build.0 = Release|Any CPU
		{5800601B-29B6-48C0-94E4-6789EEBCFB78}.Debug|Any CPU.ActiveCfg = Debug|Any CPU
		{5800601B-29B6-48C0-94E4-6789EEBCFB78}.Debug|Any CPU.Build.0 = Debug|Any CPU
		{5800601B-29B6-48C0-94E4-6789EEBCFB78}.Release|Any CPU.ActiveCfg = Release|Any CPU
		{5800601B-29B6-48C0-94E4-6789EEBCFB78}.Release|Any CPU.Build.0 = Release|Any CPU
		{C3651E9E-CB79-4C86-81E8-DECE28E33C89}.Debug|Any CPU.ActiveCfg = Debug|Any CPU
		{C3651E9E-CB79-4C86-81E8-DECE28E33C89}.Debug|Any CPU.Build.0 = Debug|Any CPU
		{C3651E9E-CB79-4C86-81E8-DECE28E33C89}.Release|Any CPU.ActiveCfg = Release|Any CPU
		{C3651E9E-CB79-4C86-81E8-DECE28E33C89}.Release|Any CPU.Build.0 = Release|Any CPU
		{42D65AF8-DADA-49A5-B969-404AABBF0F8F}.Debug|Any CPU.ActiveCfg = Debug|Any CPU
		{42D65AF8-DADA-49A5-B969-404AABBF0F8F}.Debug|Any CPU.Build.0 = Debug|Any CPU
		{42D65AF8-DADA-49A5-B969-404AABBF0F8F}.Release|Any CPU.ActiveCfg = Release|Any CPU
		{42D65AF8-DADA-49A5-B969-404AABBF0F8F}.Release|Any CPU.Build.0 = Release|Any CPU
		{435F84AE-A08B-42E9-AF16-5D1DC086775D}.Debug|Any CPU.ActiveCfg = Debug|Any CPU
		{435F84AE-A08B-42E9-AF16-5D1DC086775D}.Debug|Any CPU.Build.0 = Debug|Any CPU
		{435F84AE-A08B-42E9-AF16-5D1DC086775D}.Release|Any CPU.ActiveCfg = Release|Any CPU
		{435F84AE-A08B-42E9-AF16-5D1DC086775D}.Release|Any CPU.Build.0 = Release|Any CPU
		{1F8CD829-B3F7-44B4-996E-2C85ADCCCBB2}.Debug|Any CPU.ActiveCfg = Debug|Any CPU
		{1F8CD829-B3F7-44B4-996E-2C85ADCCCBB2}.Debug|Any CPU.Build.0 = Debug|Any CPU
		{1F8CD829-B3F7-44B4-996E-2C85ADCCCBB2}.Release|Any CPU.ActiveCfg = Release|Any CPU
		{1F8CD829-B3F7-44B4-996E-2C85ADCCCBB2}.Release|Any CPU.Build.0 = Release|Any CPU
	EndGlobalSection
	GlobalSection(SolutionProperties) = preSolution
		HideSolutionNode = FALSE
	EndGlobalSection
	GlobalSection(ExtensibilityGlobals) = postSolution
		SolutionGuid = {FB5C4BD0-404A-4516-90FC-5B2523F3590F}
	EndGlobalSection
EndGlobal
