
Microsoft Visual Studio Solution File, Format Version 12.00
# Visual Studio Version 16
VisualStudioVersion = 16.0.29806.167
MinimumVisualStudioVersion = 10.0.40219.1
Project("{9A19103F-16F7-4668-BE54-9A1E7A4F7556}") = "1010", "1010\1010.csproj", "{A82B1491-0F34-4E01-9942-DB4A3705F942}"
EndProject
Project("{9A19103F-16F7-4668-BE54-9A1E7A4F7556}") = "1083", "1083\1083.csproj", "{8CCD5B97-BB93-4E5A-B760-A98F58211082}"
EndProject
Project("{9A19103F-16F7-4668-BE54-9A1E7A4F7556}") = "1044", "1044\1044.csproj", "{BBA6B292-643D-4DB7-BCF4-A924C1B5BF52}"
EndProject
Project("{9A19103F-16F7-4668-BE54-9A1E7A4F7556}") = "1005", "1005\1005.csproj", "{699A42A3-F436-49EC-906C-5E4A87729ED3}"
EndProject
Project("{FAE04EC0-301F-11D3-BF4B-00C04F79EFBC}") = "1225", "1225\1225.csproj", "{2B6AB356-B3F8-4258-8E84-DA17F22CCDC5}"
EndProject
Global
	GlobalSection(SolutionConfigurationPlatforms) = preSolution
		Debug|Any CPU = Debug|Any CPU
		Release|Any CPU = Release|Any CPU
	EndGlobalSection
	GlobalSection(ProjectConfigurationPlatforms) = postSolution
		{A82B1491-0F34-4E01-9942-DB4A3705F942}.Debug|Any CPU.ActiveCfg = Debug|Any CPU
		{A82B1491-0F34-4E01-9942-DB4A3705F942}.Debug|Any CPU.Build.0 = Debug|Any CPU
		{A82B1491-0F34-4E01-9942-DB4A3705F942}.Release|Any CPU.ActiveCfg = Release|Any CPU
		{A82B1491-0F34-4E01-9942-DB4A3705F942}.Release|Any CPU.Build.0 = Release|Any CPU
		{8CCD5B97-BB93-4E5A-B760-A98F58211082}.Debug|Any CPU.ActiveCfg = Debug|Any CPU
		{8CCD5B97-BB93-4E5A-B760-A98F58211082}.Debug|Any CPU.Build.0 = Debug|Any CPU
		{8CCD5B97-BB93-4E5A-B760-A98F58211082}.Release|Any CPU.ActiveCfg = Release|Any CPU
		{8CCD5B97-BB93-4E5A-B760-A98F58211082}.Release|Any CPU.Build.0 = Release|Any CPU
		{BBA6B292-643D-4DB7-BCF4-A924C1B5BF52}.Debug|Any CPU.ActiveCfg = Debug|Any CPU
		{BBA6B292-643D-4DB7-BCF4-A924C1B5BF52}.Debug|Any CPU.Build.0 = Debug|Any CPU
		{BBA6B292-643D-4DB7-BCF4-A924C1B5BF52}.Release|Any CPU.ActiveCfg = Release|Any CPU
		{BBA6B292-643D-4DB7-BCF4-A924C1B5BF52}.Release|Any CPU.Build.0 = Release|Any CPU
		{699A42A3-F436-49EC-906C-5E4A87729ED3}.Debug|Any CPU.ActiveCfg = Debug|Any CPU
		{699A42A3-F436-49EC-906C-5E4A87729ED3}.Debug|Any CPU.Build.0 = Debug|Any CPU
		{699A42A3-F436-49EC-906C-5E4A87729ED3}.Release|Any CPU.ActiveCfg = Release|Any CPU
		{699A42A3-F436-49EC-906C-5E4A87729ED3}.Release|Any CPU.Build.0 = Release|Any CPU
		{2B6AB356-B3F8-4258-8E84-DA17F22CCDC5}.Debug|Any CPU.ActiveCfg = Debug|Any CPU
		{2B6AB356-B3F8-4258-8E84-DA17F22CCDC5}.Debug|Any CPU.Build.0 = Debug|Any CPU
		{2B6AB356-B3F8-4258-8E84-DA17F22CCDC5}.Release|Any CPU.ActiveCfg = Release|Any CPU
		{2B6AB356-B3F8-4258-8E84-DA17F22CCDC5}.Release|Any CPU.Build.0 = Release|Any CPU
	EndGlobalSection
	GlobalSection(SolutionProperties) = preSolution
		HideSolutionNode = FALSE
	EndGlobalSection
	GlobalSection(ExtensibilityGlobals) = postSolution
		SolutionGuid = {FB5C4BD0-404A-4516-90FC-5B2523F3590F}
	EndGlobalSection
EndGlobal
